
Microsoft Visual Studio Solution File, Format Version 12.00
# Visual Studio Version 17
VisualStudioVersion = 17.0.32014.148
MinimumVisualStudioVersion = 10.0.40219.1
Project("{FAE04EC0-301F-11D3-BF4B-00C04F79EFBC}") = "PingIpWpfApp", "PingIpWpfApp\PingIpWpfApp.csproj", "{5AFE53AA-0F31-4A19-9AA0-B2DF50FAD6C3}"
EndProject
Global
	GlobalSection(SolutionConfigurationPlatforms) = preSolution
		Debug|Any CPU = Debug|Any CPU
		Release|Any CPU = Release|Any CPU
	EndGlobalSection
	GlobalSection(ProjectConfigurationPlatforms) = postSolution
		{5AFE53AA-0F31-4A19-9AA0-B2DF50FAD6C3}.Debug|Any CPU.ActiveCfg = Debug|Any CPU
		{5AFE53AA-0F31-4A19-9AA0-B2DF50FAD6C3}.Debug|Any CPU.Build.0 = Debug|Any CPU
		{5AFE53AA-0F31-4A19-9AA0-B2DF50FAD6C3}.Release|Any CPU.ActiveCfg = Release|Any CPU
		{5AFE53AA-0F31-4A19-9AA0-B2DF50FAD6C3}.Release|Any CPU.Build.0 = Release|Any CPU
	EndGlobalSection
	GlobalSection(SolutionProperties) = preSolution
		HideSolutionNode = FALSE
	EndGlobalSection
	GlobalSection(ExtensibilityGlobals) = postSolution
		SolutionGuid = {D283DCAE-93A0-4550-947B-EA872C7F3517}
	EndGlobalSection
EndGlobal
